// !$*UTF8*$!
{
	archiveVersion = 1;
	classes = {
	};
	objectVersion = 46;
	objects = {

/* Begin PBXBuildFile section */
		211279E11C3B620200245F5E /* AppDelegate.swift in Sources */ = {isa = PBXBuildFile; fileRef = 211279E01C3B620200245F5E /* AppDelegate.swift */; };
		211279E31C3B620200245F5E /* ViewController.swift in Sources */ = {isa = PBXBuildFile; fileRef = 211279E21C3B620200245F5E /* ViewController.swift */; };
		211279E61C3B620200245F5E /* Main.storyboard in Resources */ = {isa = PBXBuildFile; fileRef = 211279E41C3B620200245F5E /* Main.storyboard */; };
		211279E81C3B620200245F5E /* Assets.xcassets in Resources */ = {isa = PBXBuildFile; fileRef = 211279E71C3B620200245F5E /* Assets.xcassets */; };
		211279EB1C3B620200245F5E /* LaunchScreen.storyboard in Resources */ = {isa = PBXBuildFile; fileRef = 211279E91C3B620200245F5E /* LaunchScreen.storyboard */; };
		211279F41C3B62F600245F5E /* JWDate.swift in Sources */ = {isa = PBXBuildFile; fileRef = 211279F31C3B62F600245F5E /* JWDate.swift */; };
/* End PBXBuildFile section */

/* Begin PBXFileReference section */
		211279DD1C3B620200245F5E /* JWKitLearn.app */ = {isa = PBXFileReference; explicitFileType = wrapper.application; includeInIndex = 0; path = JWKitLearn.app; sourceTree = BUILT_PRODUCTS_DIR; };
		211279E01C3B620200245F5E /* AppDelegate.swift */ = {isa = PBXFileReference; lastKnownFileType = sourcecode.swift; path = AppDelegate.swift; sourceTree = "<group>"; };
		211279E21C3B620200245F5E /* ViewController.swift */ = {isa = PBXFileReference; lastKnownFileType = sourcecode.swift; path = ViewController.swift; sourceTree = "<group>"; };
		211279E51C3B620200245F5E /* Base */ = {isa = PBXFileReference; lastKnownFileType = file.storyboard; name = Base; path = Base.lproj/Main.storyboard; sourceTree = "<group>"; };
		211279E71C3B620200245F5E /* Assets.xcassets */ = {isa = PBXFileReference; lastKnownFileType = folder.assetcatalog; path = Assets.xcassets; sourceTree = "<group>"; };
		211279EA1C3B620200245F5E /* Base */ = {isa = PBXFileReference; lastKnownFileType = file.storyboard; name = Base; path = Base.lproj/LaunchScreen.storyboard; sourceTree = "<group>"; };
		211279EC1C3B620200245F5E /* Info.plist */ = {isa = PBXFileReference; lastKnownFileType = text.plist.xml; path = Info.plist; sourceTree = "<group>"; };
		211279F31C3B62F600245F5E /* JWDate.swift */ = {isa = PBXFileReference; fileEncoding = 4; lastKnownFileType = sourcecode.swift; path = JWDate.swift; sourceTree = "<group>"; };
/* End PBXFileReference section */

/* Begin PBXFrameworksBuildPhase section */
		211279DA1C3B620200245F5E /* Frameworks */ = {
			isa = PBXFrameworksBuildPhase;
			buildActionMask = 2147483647;
			files = (
			);
			runOnlyForDeploymentPostprocessing = 0;
		};
/* End PBXFrameworksBuildPhase section */

/* Begin PBXGroup section */
		211279D41C3B620200245F5E = {
			isa = PBXGroup;
			children = (
				211279F21C3B623D00245F5E /* JWDate */,
				211279DF1C3B620200245F5E /* JWKitLearn */,
				211279DE1C3B620200245F5E /* Products */,
			);
			sourceTree = "<group>";
		};
		211279DE1C3B620200245F5E /* Products */ = {
			isa = PBXGroup;
			children = (
				211279DD1C3B620200245F5E /* JWKitLearn.app */,
			);
			name = Products;
			sourceTree = "<group>";
		};
		211279DF1C3B620200245F5E /* JWKitLearn */ = {
			isa = PBXGroup;
			children = (
				211279E01C3B620200245F5E /* AppDelegate.swift */,
				211279E21C3B620200245F5E /* ViewController.swift */,
				211279E41C3B620200245F5E /* Main.storyboard */,
				211279E71C3B620200245F5E /* Assets.xcassets */,
				211279E91C3B620200245F5E /* LaunchScreen.storyboard */,
				211279EC1C3B620200245F5E /* Info.plist */,
			);
			path = JWKitLearn;
			sourceTree = "<group>";
		};
		211279F21C3B623D00245F5E /* JWDate */ = {
			isa = PBXGroup;
			children = (
				211279F31C3B62F600245F5E /* JWDate.swift */,
			);
			path = JWDate;
			sourceTree = "<group>";
		};
/* End PBXGroup section */

/* Begin PBXNativeTarget section */
		211279DC1C3B620200245F5E /* JWKitLearn */ = {
			isa = PBXNativeTarget;
			buildConfigurationList = 211279EF1C3B620200245F5E /* Build configuration list for PBXNativeTarget "JWKitLearn" */;
			buildPhases = (
				211279D91C3B620200245F5E /* Sources */,
				211279DA1C3B620200245F5E /* Frameworks */,
				211279DB1C3B620200245F5E /* Resources */,
			);
			buildRules = (
			);
			dependencies = (
			);
			name = JWKitLearn;
			productName = JWKitLearn;
			productReference = 211279DD1C3B620200245F5E /* JWKitLearn.app */;
			productType = "com.apple.product-type.application";
		};
/* End PBXNativeTarget section */

/* Begin PBXProject section */
		211279D51C3B620200245F5E /* Project object */ = {
			isa = PBXProject;
			attributes = {
				LastSwiftUpdateCheck = 0720;
				LastUpgradeCheck = 0720;
				ORGANIZATIONNAME = njdby;
				TargetAttributes = {
					211279DC1C3B620200245F5E = {
						CreatedOnToolsVersion = 7.2;
					};
				};
			};
			buildConfigurationList = 211279D81C3B620200245F5E /* Build configuration list for PBXProject "JWKitLearn" */;
			compatibilityVersion = "Xcode 3.2";
			developmentRegion = English;
			hasScannedForEncodings = 0;
			knownRegions = (
				en,
				Base,
			);
			mainGroup = 211279D41C3B620200245F5E;
			productRefGroup = 211279DE1C3B620200245F5E /* Products */;
			projectDirPath = "";
			projectRoot = "";
			targets = (
				211279DC1C3B620200245F5E /* JWKitLearn */,
			);
		};
/* End PBXProject section */

/* Begin PBXResourcesBuildPhase section */
		211279DB1C3B620200245F5E /* Resources */ = {
			isa = PBXResourcesBuildPhase;
			buildActionMask = 2147483647;
			files = (
				211279EB1C3B620200245F5E /* LaunchScreen.storyboard in Resources */,
				211279E81C3B620200245F5E /* Assets.xcassets in Resources */,
				211279E61C3B620200245F5E /* Main.storyboard in Resources */,
			);
			runOnlyForDeploymentPostprocessing = 0;
		};
/* End PBXResourcesBuildPhase section */

/* Begin PBXSourcesBuildPhase section */
		211279D91C3B620200245F5E /* Sources */ = {
			isa = PBXSourcesBuildPhase;
			buildActionMask = 2147483647;
			files = (
				211279E31C3B620200245F5E /* ViewController.swift in Sources */,
				211279F41C3B62F600245F5E /* JWDate.swift in Sources */,
				211279E11C3B620200245F5E /* AppDelegate.swift in Sources */,
			);
			runOnlyForDeploymentPostprocessing = 0;
		};
/* End PBXSourcesBuildPhase section */

/* Begin PBXVariantGroup section */
		211279E41C3B620200245F5E /* Main.storyboard */ = {
			isa = PBXVariantGroup;
			children = (
				211279E51C3B620200245F5E /* Base */,
			);
			name = Main.storyboard;
			sourceTree = "<group>";
		};
		211279E91C3B620200245F5E /* LaunchScreen.storyboard */ = {
			isa = PBXVariantGroup;
			children = (
				211279EA1C3B620200245F5E /* Base */,
			);
			name = LaunchScreen.storyboard;
			sourceTree = "<group>";
		};
/* End PBXVariantGroup section */

/* Begin XCBuildConfiguration section */
		211279ED1C3B620200245F5E /* Debug */ = {
			isa = XCBuildConfiguration;
			buildSettings = {
				ALWAYS_SEARCH_USER_PATHS = NO;
				CLANG_CXX_LANGUAGE_STANDARD = "gnu++0x";
				CLANG_CXX_LIBRARY = "libc++";
				CLANG_ENABLE_MODULES = YES;
				CLANG_ENABLE_OBJC_ARC = YES;
				CLANG_WARN_BOOL_CONVERSION = YES;
				CLANG_WARN_CONSTANT_CONVERSION = YES;
				CLANG_WARN_DIRECT_OBJC_ISA_USAGE = YES_ERROR;
				CLANG_WARN_EMPTY_BODY = YES;
				CLANG_WARN_ENUM_CONVERSION = YES;
				CLANG_WARN_INT_CONVERSION = YES;
				CLANG_WARN_OBJC_ROOT_CLASS = YES_ERROR;
				CLANG_WARN_UNREACHABLE_CODE = YES;
				CLANG_WARN__DUPLICATE_METHOD_MATCH = YES;
				"CODE_SIGN_IDENTITY[sdk=iphoneos*]" = "iPhone Developer";
				COPY_PHASE_STRIP = NO;
				DEBUG_INFORMATION_FORMAT = dwarf;
				ENABLE_STRICT_OBJC_MSGSEND = YES;
				ENABLE_TESTABILITY = YES;
				GCC_C_LANGUAGE_STANDARD = gnu99;
				GCC_DYNAMIC_NO_PIC = NO;
				GCC_NO_COMMON_BLOCKS = YES;
				GCC_OPTIMIZATION_LEVEL = 0;
				GCC_PREPROCESSOR_DEFINITIONS = (
					"DEBUG=1",
					"$(inherited)",
				);
				GCC_WARN_64_TO_32_BIT_CONVERSION = YES;
				GCC_WARN_ABOUT_RETURN_TYPE = YES_ERROR;
				GCC_WARN_UNDECLARED_SELECTOR = YES;
				GCC_WARN_UNINITIALIZED_AUTOS = YES_AGGRESSIVE;
				GCC_WARN_UNUSED_FUNCTION = YES;
				GCC_WARN_UNUSED_VARIABLE = YES;
				IPHONEOS_DEPLOYMENT_TARGET = 9.2;
				MTL_ENABLE_DEBUG_INFO = YES;
				ONLY_ACTIVE_ARCH = YES;
				SDKROOT = iphoneos;
				SWIFT_OPTIMIZATION_LEVEL = "-Onone";
			};
			name = Debug;
		};
		211279EE1C3B620200245F5E /* Release */ = {
			isa = XCBuildConfiguration;
			buildSettings = {
				ALWAYS_SEARCH_USER_PATHS = NO;
				CLANG_CXX_LANGUAGE_STANDARD = "gnu++0x";
				CLANG_CXX_LIBRARY = "libc++";
				CLANG_ENABLE_MODULES = YES;
				CLANG_ENABLE_OBJC_ARC = YES;
				CLANG_WARN_BOOL_CONVERSION = YES;
				CLANG_WARN_CONSTANT_CONVERSION = YES;
				CLANG_WARN_DIRECT_OBJC_ISA_USAGE = YES_ERROR;
				CLANG_WARN_EMPTY_BODY = YES;
				CLANG_WARN_ENUM_CONVERSION = YES;
				CLANG_WARN_INT_CONVERSION = YES;
				CLANG_WARN_OBJC_ROOT_CLASS = YES_ERROR;
				CLANG_WARN_UNREACHABLE_CODE = YES;
				CLANG_WARN__DUPLICATE_METHOD_MATCH = YES;
				"CODE_SIGN_IDENTITY[sdk=iphoneos*]" = "iPhone Developer";
				COPY_PHASE_STRIP = NO;
				DEBUG_INFORMATION_FORMAT = "dwarf-with-dsym";
				ENABLE_NS_ASSERTIONS = NO;
				ENABLE_STRICT_OBJC_MSGSEND = YES;
				GCC_C_LANGUAGE_STANDARD = gnu99;
				GCC_NO_COMMON_BLOCKS = YES;
				GCC_WARN_64_TO_32_BIT_CONVERSION = YES;
				GCC_WARN_ABOUT_RETURN_TYPE = YES_ERROR;
				GCC_WARN_UNDECLARED_SELECTOR = YES;
				GCC_WARN_UNINITIALIZED_AUTOS = YES_AGGRESSIVE;
				GCC_WARN_UNUSED_FUNCTION = YES;
				GCC_WARN_UNUSED_VARIABLE = YES;
				IPHONEOS_DEPLOYMENT_TARGET = 9.2;
				MTL_ENABLE_DEBUG_INFO = NO;
				SDKROOT = iphoneos;
				VALIDATE_PRODUCT = YES;
			};
			name = Release;
		};
		211279F01C3B620200245F5E /* Debug */ = {
			isa = XCBuildConfiguration;
			buildSettings = {
				ASSETCATALOG_COMPILER_APPICON_NAME = AppIcon;
				INFOPLIST_FILE = JWKitLearn/Info.plist;
				IPHONEOS_DEPLOYMENT_TARGET = 8.0;
				LD_RUNPATH_SEARCH_PATHS = "$(inherited) @executable_path/Frameworks";
				PRODUCT_BUNDLE_IDENTIFIER = njdby.JWKitLearn;
				PRODUCT_NAME = "$(TARGET_NAME)";
			};
			name = Debug;
		};
		211279F11C3B620200245F5E /* Release */ = {
			isa = XCBuildConfiguration;
			buildSettings = {
				ASSETCATALOG_COMPILER_APPICON_NAME = AppIcon;
				INFOPLIST_FILE = JWKitLearn/Info.plist;
				IPHONEOS_DEPLOYMENT_TARGET = 8.0;
				LD_RUNPATH_SEARCH_PATHS = "$(inherited) @executable_path/Frameworks";
				PRODUCT_BUNDLE_IDENTIFIER = njdby.JWKitLearn;
				PRODUCT_NAME = "$(TARGET_NAME)";
			};
			name = Release;
		};
/* End XCBuildConfiguration section */

/* Begin XCConfigurationList section */
		211279D81C3B620200245F5E /* Build configuration list for PBXProject "JWKitLearn" */ = {
			isa = XCConfigurationList;
			buildConfigurations = (
				211279ED1C3B620200245F5E /* Debug */,
				211279EE1C3B620200245F5E /* Release */,
			);
			defaultConfigurationIsVisible = 0;
			defaultConfigurationName = Release;
		};
		211279EF1C3B620200245F5E /* Build configuration list for PBXNativeTarget "JWKitLearn" */ = {
			isa = XCConfigurationList;
			buildConfigurations = (
				211279F01C3B620200245F5E /* Debug */,
				211279F11C3B620200245F5E /* Release */,
			);
			defaultConfigurationIsVisible = 0;
		};
/* End XCConfigurationList section */
	};
	rootObject = 211279D51C3B620200245F5E /* Project object */;
}
